# This file is autogenerated, do not edit; changes may be undone by the next 'dep ensure'.


[[projects]]
  branch = "master"
  name = "github.com/Bowery/prompt"
  packages = ["."]
  revision = "94b504f42fdd503acc3b3c79ec2b517d90e0de8a"

[[projects]]
  name = "github.com/bndr/gotabulate"
  packages = ["."]
  revision = "94ff52dbe671866d4f5cd3463ecdad8ec550e578"
  version = "v1.1.2"

[[projects]]
  branch = "master"
  name = "github.com/erikstmartin/go-testdb"
  packages = ["."]
  revision = "8d10e4a1bae52cd8b81ffdec3445890d6dccab3d"

[[projects]]
  branch = "master"
  name = "github.com/joliv/spark"
  packages = ["."]
  revision = "2d625891bea13083312494f03e686dde519d3f5a"

[[projects]]
  branch = "master"
  name = "github.com/kellydunn/golang-geo"
  packages = ["."]
  revision = "6f16b0ccf2a6ebd1a234daacfb6199510fbd0db4"

[[projects]]
  branch = "master"
  name = "github.com/kylelemons/go-gypsy"
  packages = ["yaml"]
  revision = "08cad365cd28a7fba23bb1e57aa43c5e18ad8bb8"

[[projects]]
  branch = "master"
  name = "github.com/lib/pq"
  packages = [
    ".",
    "oid"
  ]
  revision = "d34b9ff171c21ad295489235aec8b6626023cd04"

[[projects]]
  branch = "master"
  name = "github.com/sh3rp/tcping"
  packages = [
    ".",
    "tcping"
  ]
  revision = "6c1527ac88193ce3c177095bf3e628057f00abb6"

[[projects]]
  name = "github.com/ziutek/mymysql"
  packages = [
    "godrv",
    "mysql",
    "native"
  ]
  revision = "e08c2f35356576b3c3690c252fe5dca728ae9292"
  version = "v1.5.4"

[[projects]]
  branch = "master"
  name = "golang.org/x/sys"
  packages = ["unix"]
  revision = "7c87d13f8e835d2fb3a70a2912c811ed0c1d241b"

[[projects]]
  name = "gopkg.in/urfave/cli.v1"
  packages = ["."]
  revision = "cfb38830724cc34fedffe9a2a29fb54fa9169cd1"
  version = "v1.20.0"

[solve-meta]
  analyzer-name = "dep"
  analyzer-version = 1
  inputs-digest = "89ffef46dbc83c3863fc9a881d91b30e966c8d68785d2c8b79b4afd3b6c2a1d0"
  solver-name = "gps-cdcl"
  solver-version = 1
